
Microsoft Visual Studio Solution File, Format Version 12.00
# Visual Studio Version 17
VisualStudioVersion = 17.11.35327.3
MinimumVisualStudioVersion = 10.0.40219.1
Project("{FAE04EC0-301F-11D3-BF4B-00C04F79EFBC}") = "Assignment06", "Assignment06\Assignment06.csproj", "{D0947891-F953-400C-8E2D-BCEC06ED9999}"
EndProject
Global
	GlobalSection(SolutionConfigurationPlatforms) = preSolution
		Debug|Any CPU = Debug|Any CPU
		Release|Any CPU = Release|Any CPU
	EndGlobalSection
	GlobalSection(ProjectConfigurationPlatforms) = postSolution
		{D0947891-F953-400C-8E2D-BCEC06ED9999}.Debug|Any CPU.ActiveCfg = Debug|Any CPU
		{D0947891-F953-400C-8E2D-BCEC06ED9999}.Debug|Any CPU.Build.0 = Debug|Any CPU
		{D0947891-F953-400C-8E2D-BCEC06ED9999}.Release|Any CPU.ActiveCfg = Release|Any CPU
		{D0947891-F953-400C-8E2D-BCEC06ED9999}.Release|Any CPU.Build.0 = Release|Any CPU
	EndGlobalSection
	GlobalSection(SolutionProperties) = preSolution
		HideSolutionNode = FALSE
	EndGlobalSection
	GlobalSection(ExtensibilityGlobals) = postSolution
		SolutionGuid = {FDC5BFA9-0477-4ABC-A0C6-41F8EA09D007}
	EndGlobalSection
EndGlobal
